# This file is generated by running "yarn install" inside your project.
# Manual changes might be lost - proceed with caution!

__metadata:
  version: 6
  cacheKey: 8

"@colors/colors@npm:1.5.0":
  version: 1.5.0
  resolution: "@colors/colors@npm:1.5.0"
  checksum: d64d5260bed1d5012ae3fc617d38d1afc0329fec05342f4e6b838f46998855ba56e0a73833f4a80fa8378c84810da254f76a8a19c39d038260dc06dc4e007425
  languageName: node
  linkType: hard

"@types/mime@npm:*":
  version: 3.0.1
  resolution: "@types/mime@npm:3.0.1"
  checksum: 4040fac73fd0cea2460e29b348c1a6173da747f3a87da0dbce80dd7a9355a3d0e51d6d9a401654f3e5550620e3718b5a899b2ec1debf18424e298a2c605346e7
  languageName: node
  linkType: hard

"@types/node@npm:*":
  version: 20.2.3
  resolution: "@types/node@npm:20.2.3"
  checksum: 576065e8fc1fa45798c8f59a6bf809169582d04abc2e25fab1a048ffc734975b9992ae31be0d960cf705a21fb37112f7fcde11aa322beddf7491e73d5a5a988c
  languageName: node
  linkType: hard

"@types/node@npm:^18.7.11":
  version: 18.16.14
  resolution: "@types/node@npm:18.16.14"
  checksum: c11cb3c787236414efe58240ae71854971592554d82ff9d201876ce7cafd51c37aaa001c63602d002e8238614d7331bd6d48ac4c1c0caa826799980b6846fb08
  languageName: node
  linkType: hard

"@types/serve-static@npm:^1.15.0":
  version: 1.15.1
  resolution: "@types/serve-static@npm:1.15.1"
  dependencies:
    "@types/mime": "*"
    "@types/node": "*"
  checksum: 2e078bdc1e458c7dfe69e9faa83cc69194b8896cce57cb745016580543c7ab5af07fdaa8ac1765eb79524208c81017546f66056f44d1204f812d72810613de36
  languageName: node
  linkType: hard

"@types/underscore@npm:^1.11.4":
  version: 1.11.4
  resolution: "@types/underscore@npm:1.11.4"
  checksum: db9f8486bc851b732259e51f42d62aad1ae2158be5724612dc125ece5f5d61c51447f9dea28284c2a0f79cb95e788d01cb5ce97709880019213e69fab0dd1696
  languageName: node
  linkType: hard

"@xmldom/xmldom@npm:^0.7.4":
  version: 0.7.10
  resolution: "@xmldom/xmldom@npm:0.7.10"
  checksum: faeb5efd208f25643e469b9807b4b1bfe4f9c19540f0a24b4bb1c748cee6ee44ec441048820f9100987d1ee075f2e2bfc28e535cae5024d4566bb62b0a42be13
  languageName: node
  linkType: hard

"ansi-styles@npm:^4.1.0":
  version: 4.3.0
  resolution: "ansi-styles@npm:4.3.0"
  dependencies:
    color-convert: ^2.0.1
  checksum: 513b44c3b2105dd14cc42a19271e80f386466c4be574bccf60b627432f9198571ebf4ab1e4c3ba17347658f4ee1711c163d574248c0c1cdc2d5917a0ad582ec4
  languageName: node
  linkType: hard

"async@npm:3.2.3":
  version: 3.2.3
  resolution: "async@npm:3.2.3"
  checksum: c4bee57ab2249af3dc83ca3ef9acfa8e822c0d5e5aa41bae3eaf7f673648343cd64ecd7d26091ffd357f3f044428b17b5f00098494b6cf8b6b3e9681f0636ca1
  languageName: node
  linkType: hard

"async@npm:^2.6.4":
  version: 2.6.4
  resolution: "async@npm:2.6.4"
  dependencies:
    lodash: ^4.17.14
  checksum: a52083fb32e1ebe1d63e5c5624038bb30be68ff07a6c8d7dfe35e47c93fc144bd8652cbec869e0ac07d57dde387aa5f1386be3559cdee799cb1f789678d88e19
  languageName: node
  linkType: hard

"asynckit@npm:^0.4.0":
  version: 0.4.0
  resolution: "asynckit@npm:0.4.0"
  checksum: 7b78c451df768adba04e2d02e63e2d0bf3b07adcd6e42b4cf665cb7ce899bedd344c69a1dcbce355b5f972d597b25aaa1c1742b52cffd9caccb22f348114f6be
  languageName: node
  linkType: hard

"axios@npm:^1.6.0":
  version: 1.6.3
  resolution: "axios@npm:1.6.3"
  dependencies:
    follow-redirects: ^1.15.0
    form-data: ^4.0.0
    proxy-from-env: ^1.1.0
  checksum: 07ef3bb83fc2dacc1ae2c97f2bbd04ef7701f5655f9037789d79ee78b698ffa50eaa8465c2017d4d3e9ce7d94cb779f730acaab32ce9036d0a4933c1e89df4da
  languageName: node
  linkType: hard

"buffer-from@npm:^1.0.0":
  version: 1.1.2
  resolution: "buffer-from@npm:1.1.2"
  checksum: 0448524a562b37d4d7ed9efd91685a5b77a50672c556ea254ac9a6d30e3403a517d8981f10e565db24e8339413b43c97ca2951f10e399c6125a0d8911f5679bb
  languageName: node
  linkType: hard

"chalk@npm:^4.1.2":
  version: 4.1.2
  resolution: "chalk@npm:4.1.2"
  dependencies:
    ansi-styles: ^4.1.0
    supports-color: ^7.1.0
  checksum: fe75c9d5c76a7a98d45495b91b2172fa3b7a09e0cc9370e5c8feb1c567b85c4288e2b3fded7cfdd7359ac28d6b3844feb8b82b8686842e93d23c827c417e83fc
  languageName: node
  linkType: hard

"color-convert@npm:^2.0.1":
  version: 2.0.1
  resolution: "color-convert@npm:2.0.1"
  dependencies:
    color-name: ~1.1.4
  checksum: 79e6bdb9fd479a205c71d89574fccfb22bd9053bd98c6c4d870d65c132e5e904e6034978e55b43d69fcaa7433af2016ee203ce76eeba9cfa554b373e7f7db336
  languageName: node
  linkType: hard

"color-name@npm:~1.1.4":
  version: 1.1.4
  resolution: "color-name@npm:1.1.4"
  checksum: b0445859521eb4021cd0fb0cc1a75cecf67fceecae89b63f62b201cca8d345baf8b952c966862a9d9a2632987d4f6581f0ec8d957dfacece86f0a7919316f610
  languageName: node
  linkType: hard

"colors@npm:1.0.x":
  version: 1.0.3
  resolution: "colors@npm:1.0.3"
  checksum: 234e8d3ab7e4003851cdd6a1f02eaa16dabc502ee5f4dc576ad7959c64b7477b15bd21177bab4055a4c0a66aa3d919753958030445f87c39a253d73b7a3637f5
  languageName: node
  linkType: hard

"combined-stream@npm:^1.0.8":
  version: 1.0.8
  resolution: "combined-stream@npm:1.0.8"
  dependencies:
    delayed-stream: ~1.0.0
  checksum: 49fa4aeb4916567e33ea81d088f6584749fc90c7abec76fd516bf1c5aa5c79f3584b5ba3de6b86d26ddd64bae5329c4c7479343250cfe71c75bb366eae53bb7c
  languageName: node
  linkType: hard

"commander@npm:^9.4.0":
  version: 9.5.0
  resolution: "commander@npm:9.5.0"
  checksum: c7a3e27aa59e913b54a1bafd366b88650bc41d6651f0cbe258d4ff09d43d6a7394232a4dadd0bf518b3e696fdf595db1028a0d82c785b88bd61f8a440cecfade
  languageName: node
  linkType: hard

"cycle@npm:1.0.x":
  version: 1.0.3
  resolution: "cycle@npm:1.0.3"
  checksum: b9f131094fb832a8c4ba18c6d2dc9c87fc80d3242847a45f0a5f70911b2acab68abc1c25eb23e5155fcf2135a27d8fcc3635556745b03b488c4f360cfbc352df
  languageName: node
  linkType: hard

"delayed-stream@npm:~1.0.0":
  version: 1.0.0
  resolution: "delayed-stream@npm:1.0.0"
  checksum: 46fe6e83e2cb1d85ba50bd52803c68be9bd953282fa7096f51fc29edd5d67ff84ff753c51966061e5ba7cb5e47ef6d36a91924eddb7f3f3483b1c560f77a0020
  languageName: node
  linkType: hard

"dotfiles@workspace:.":
  version: 0.0.0-use.local
  resolution: "dotfiles@workspace:."
  dependencies:
    "@types/node": ^18.7.11
    "@types/serve-static": ^1.15.0
    "@types/underscore": ^1.11.4
    axios: ^1.6.0
    chalk: ^4.1.2
    commander: ^9.4.0
    kdbxweb: ^2.1.1
    prettier: ^2.7.1
    prompt: ^1.3.0
    source-map-support: ^0.5.21
    typescript: ^4.7.4
    underscore: ^1.13.4
  languageName: unknown
  linkType: soft

"eyes@npm:0.1.x":
  version: 0.1.8
  resolution: "eyes@npm:0.1.8"
  checksum: c31703a92bf36ba75ee8d379ee7985c24ee6149f3a6175f44cec7a05b178c38bce9836d3ca48c9acb0329a960ac2c4b2ead4e60cdd4fe6e8c92cad7cd6913687
  languageName: node
  linkType: hard

"fflate@npm:^0.7.1":
  version: 0.7.4
  resolution: "fflate@npm:0.7.4"
  checksum: b812ab26047432db70ff4c73eb45ad53bd0774575b4818b9c61c2921e89ec65d1259f06ec1618f2ac55e6a2f2e29b6dc09173d213b46580bc69efae5344bf8f1
  languageName: node
  linkType: hard

"follow-redirects@npm:^1.15.0":
  version: 1.15.5
  resolution: "follow-redirects@npm:1.15.5"
  peerDependenciesMeta:
    debug:
      optional: true
  checksum: 5ca49b5ce6f44338cbfc3546823357e7a70813cecc9b7b768158a1d32c1e62e7407c944402a918ea8c38ae2e78266312d617dc68783fac502cbb55e1047b34ec
  languageName: node
  linkType: hard

"form-data@npm:^4.0.0":
  version: 4.0.0
  resolution: "form-data@npm:4.0.0"
  dependencies:
    asynckit: ^0.4.0
    combined-stream: ^1.0.8
    mime-types: ^2.1.12
  checksum: 01135bf8675f9d5c61ff18e2e2932f719ca4de964e3be90ef4c36aacfc7b9cb2fceb5eca0b7e0190e3383fe51c5b37f4cb80b62ca06a99aaabfcfd6ac7c9328c
  languageName: node
  linkType: hard

"has-flag@npm:^4.0.0":
  version: 4.0.0
  resolution: "has-flag@npm:4.0.0"
  checksum: 261a1357037ead75e338156b1f9452c016a37dcd3283a972a30d9e4a87441ba372c8b81f818cd0fbcd9c0354b4ae7e18b9e1afa1971164aef6d18c2b6095a8ad
  languageName: node
  linkType: hard

"isstream@npm:0.1.x":
  version: 0.1.2
  resolution: "isstream@npm:0.1.2"
  checksum: 1eb2fe63a729f7bdd8a559ab552c69055f4f48eb5c2f03724430587c6f450783c8f1cd936c1c952d0a927925180fcc892ebd5b174236cf1065d4bd5bdb37e963
  languageName: node
  linkType: hard

"kdbxweb@npm:^2.1.1":
  version: 2.1.1
  resolution: "kdbxweb@npm:2.1.1"
  dependencies:
    "@xmldom/xmldom": ^0.7.4
    fflate: ^0.7.1
  checksum: 0092211f3ccebb93e0ef1c652a378be797a91e600e22a34f6c69b628bf9032b3ae939d5d3568bc3a348d9ece741e4d5febb361aa745f7d0bbaec22e644b94a1b
  languageName: node
  linkType: hard

"lodash@npm:^4.17.14":
  version: 4.17.21
  resolution: "lodash@npm:4.17.21"
  checksum: eb835a2e51d381e561e508ce932ea50a8e5a68f4ebdd771ea240d3048244a8d13658acbd502cd4829768c56f2e16bdd4340b9ea141297d472517b83868e677f7
  languageName: node
  linkType: hard

"mime-db@npm:1.52.0":
  version: 1.52.0
  resolution: "mime-db@npm:1.52.0"
  checksum: 0d99a03585f8b39d68182803b12ac601d9c01abfa28ec56204fa330bc9f3d1c5e14beb049bafadb3dbdf646dfb94b87e24d4ec7b31b7279ef906a8ea9b6a513f
  languageName: node
  linkType: hard

"mime-types@npm:^2.1.12":
  version: 2.1.35
  resolution: "mime-types@npm:2.1.35"
  dependencies:
    mime-db: 1.52.0
  checksum: 89a5b7f1def9f3af5dad6496c5ed50191ae4331cc5389d7c521c8ad28d5fdad2d06fd81baf38fed813dc4e46bb55c8145bb0ff406330818c9cf712fb2e9b3836
  languageName: node
  linkType: hard

"mute-stream@npm:~0.0.4":
  version: 0.0.8
  resolution: "mute-stream@npm:0.0.8"
  checksum: ff48d251fc3f827e5b1206cda0ffdaec885e56057ee86a3155e1951bc940fd5f33531774b1cc8414d7668c10a8907f863f6561875ee6e8768931a62121a531a1
  languageName: node
  linkType: hard

"prettier@npm:^2.7.1":
  version: 2.8.8
  resolution: "prettier@npm:2.8.8"
  bin:
    prettier: bin-prettier.js
  checksum: b49e409431bf129dd89238d64299ba80717b57ff5a6d1c1a8b1a28b590d998a34e083fa13573bc732bb8d2305becb4c9a4407f8486c81fa7d55100eb08263cf8
  languageName: node
  linkType: hard

"prompt@npm:^1.3.0":
  version: 1.3.0
  resolution: "prompt@npm:1.3.0"
  dependencies:
    "@colors/colors": 1.5.0
    async: 3.2.3
    read: 1.0.x
    revalidator: 0.1.x
    winston: 2.x
  checksum: d2bebb05bfc39a86215011ee9f32660f23d54d373bd450d1193883b66bac817eca6d2267d42374735e3a57209fc52ab152bbe7c6d6d312f0edc6959cbcd0205a
  languageName: node
  linkType: hard

"proxy-from-env@npm:^1.1.0":
  version: 1.1.0
  resolution: "proxy-from-env@npm:1.1.0"
  checksum: ed7fcc2ba0a33404958e34d95d18638249a68c430e30fcb6c478497d72739ba64ce9810a24f53a7d921d0c065e5b78e3822759800698167256b04659366ca4d4
  languageName: node
  linkType: hard

"read@npm:1.0.x":
  version: 1.0.7
  resolution: "read@npm:1.0.7"
  dependencies:
    mute-stream: ~0.0.4
  checksum: 2777c254e5732cac96f5d0a1c0f6b836c89ae23d8febd405b206f6f24d5de1873420f1a0795e0e3721066650d19adf802c7882c4027143ee0acf942a4f34f97b
  languageName: node
  linkType: hard

"revalidator@npm:0.1.x":
  version: 0.1.8
  resolution: "revalidator@npm:0.1.8"
  checksum: 9ac69162ce8fc86f5fa77f37f3ad634d3797ea70eff4faff13619167ebbf3f3ccf2ec115ccd9c3c860658f8859426022d61d2a1e49183db095ba4f0a016905fe
  languageName: node
  linkType: hard

"source-map-support@npm:^0.5.21":
  version: 0.5.21
  resolution: "source-map-support@npm:0.5.21"
  dependencies:
    buffer-from: ^1.0.0
    source-map: ^0.6.0
  checksum: 43e98d700d79af1d36f859bdb7318e601dfc918c7ba2e98456118ebc4c4872b327773e5a1df09b0524e9e5063bb18f0934538eace60cca2710d1fa687645d137
  languageName: node
  linkType: hard

"source-map@npm:^0.6.0":
  version: 0.6.1
  resolution: "source-map@npm:0.6.1"
  checksum: 59ce8640cf3f3124f64ac289012c2b8bd377c238e316fb323ea22fbfe83da07d81e000071d7242cad7a23cd91c7de98e4df8830ec3f133cb6133a5f6e9f67bc2
  languageName: node
  linkType: hard

"stack-trace@npm:0.0.x":
  version: 0.0.10
  resolution: "stack-trace@npm:0.0.10"
  checksum: 473036ad32f8c00e889613153d6454f9be0536d430eb2358ca51cad6b95cea08a3cc33cc0e34de66b0dad221582b08ed2e61ef8e13f4087ab690f388362d6610
  languageName: node
  linkType: hard

"supports-color@npm:^7.1.0":
  version: 7.2.0
  resolution: "supports-color@npm:7.2.0"
  dependencies:
    has-flag: ^4.0.0
  checksum: 3dda818de06ebbe5b9653e07842d9479f3555ebc77e9a0280caf5a14fb877ffee9ed57007c3b78f5a6324b8dbeec648d9e97a24e2ed9fdb81ddc69ea07100f4a
  languageName: node
  linkType: hard

"typescript@npm:^4.7.4":
  version: 4.9.5
  resolution: "typescript@npm:4.9.5"
  bin:
    tsc: bin/tsc
    tsserver: bin/tsserver
  checksum: ee000bc26848147ad423b581bd250075662a354d84f0e06eb76d3b892328d8d4440b7487b5a83e851b12b255f55d71835b008a66cbf8f255a11e4400159237db
  languageName: node
  linkType: hard

"typescript@patch:typescript@^4.7.4#~builtin<compat/typescript>":
  version: 4.9.5
  resolution: "typescript@patch:typescript@npm%3A4.9.5#~builtin<compat/typescript>::version=4.9.5&hash=289587"
  bin:
    tsc: bin/tsc
    tsserver: bin/tsserver
  checksum: 1f8f3b6aaea19f0f67cba79057674ba580438a7db55057eb89cc06950483c5d632115c14077f6663ea76fd09fce3c190e6414bb98582ec80aa5a4eaf345d5b68
  languageName: node
  linkType: hard

"underscore@npm:^1.13.4":
  version: 1.13.6
  resolution: "underscore@npm:1.13.6"
  checksum: d5cedd14a9d0d91dd38c1ce6169e4455bb931f0aaf354108e47bd46d3f2da7464d49b2171a5cf786d61963204a42d01ea1332a903b7342ad428deaafaf70ec36
  languageName: node
  linkType: hard

"winston@npm:2.x":
  version: 2.4.7
  resolution: "winston@npm:2.4.7"
  dependencies:
    async: ^2.6.4
    colors: 1.0.x
    cycle: 1.0.x
    eyes: 0.1.x
    isstream: 0.1.x
    stack-trace: 0.0.x
  checksum: 0843f39e7d5298b0bffbdea51bc0662715b3c49414fd2b245ebf9b9a4aca452683f35f03ae60e93542b7b16e1eeee34eb3c62bb7ec644201587a4067e8d64dda
  languageName: node
  linkType: hard
