{
  "version": "2",
  "remote": {},
  "npm": {
    "specifiers": {
      "console-table-printer": "console-table-printer@2.11.2"
    },
    "packages": {
      "console-table-printer@2.11.2": {
        "integrity": "sha512-uuUHie0sfPP542TKGzPFal0W1wo1beuKAqIZdaavcONx8OoqdnJRKjkinbRTOta4FaCa1RcIL+7mMJWX3pQGVg==",
        "dependencies": {
          "simple-wcswidth": "simple-wcswidth@1.0.1"
        }
      },
      "simple-wcswidth@1.0.1": {
        "integrity": "sha512-xMO/8eNREtaROt7tJvWJqHBDTMFN4eiQ5I4JRMuilwfnFcV5W9u7RUkueNkdw0jPqGMX36iCywelS5yilTuOxg==",
        "dependencies": {}
      }
    }
  }
}
